
Microsoft Visual Studio Solution File, Format Version 12.00
# Visual Studio Version 16
VisualStudioVersion = 16.0.31702.278
MinimumVisualStudioVersion = 10.0.40219.1
Project("{FAE04EC0-301F-11D3-BF4B-00C04F79EFBC}") = "Emberek_kutyak", "Emberek_kutyak\Emberek_kutyak.csproj", "{7F943069-32C6-4DDD-9775-BFA849AB86C0}"
EndProject
Global
	GlobalSection(SolutionConfigurationPlatforms) = preSolution
		Debug|Any CPU = Debug|Any CPU
		Release|Any CPU = Release|Any CPU
	EndGlobalSection
	GlobalSection(ProjectConfigurationPlatforms) = postSolution
		{7F943069-32C6-4DDD-9775-BFA849AB86C0}.Debug|Any CPU.ActiveCfg = Debug|Any CPU
		{7F943069-32C6-4DDD-9775-BFA849AB86C0}.Debug|Any CPU.Build.0 = Debug|Any CPU
		{7F943069-32C6-4DDD-9775-BFA849AB86C0}.Release|Any CPU.ActiveCfg = Release|Any CPU
		{7F943069-32C6-4DDD-9775-BFA849AB86C0}.Release|Any CPU.Build.0 = Release|Any CPU
	EndGlobalSection
	GlobalSection(SolutionProperties) = preSolution
		HideSolutionNode = FALSE
	EndGlobalSection
	GlobalSection(ExtensibilityGlobals) = postSolution
		SolutionGuid = {F0B485B1-2FB0-4A1B-B489-B5FC9F55F26A}
	EndGlobalSection
EndGlobal
