
Microsoft Visual Studio Solution File, Format Version 12.00
# Visual Studio Version 16
VisualStudioVersion = 16.0.32002.261
MinimumVisualStudioVersion = 10.0.40219.1
Project("{FAE04EC0-301F-11D3-BF4B-00C04F79EFBC}") = "ef05_library", "ef05_library\ef05_library.csproj", "{DCB57D58-967C-44D9-AF0D-8E4BA2635F6B}"
EndProject
Global
	GlobalSection(SolutionConfigurationPlatforms) = preSolution
		Debug|Any CPU = Debug|Any CPU
		Release|Any CPU = Release|Any CPU
	EndGlobalSection
	GlobalSection(ProjectConfigurationPlatforms) = postSolution
		{DCB57D58-967C-44D9-AF0D-8E4BA2635F6B}.Debug|Any CPU.ActiveCfg = Debug|Any CPU
		{DCB57D58-967C-44D9-AF0D-8E4BA2635F6B}.Debug|Any CPU.Build.0 = Debug|Any CPU
		{DCB57D58-967C-44D9-AF0D-8E4BA2635F6B}.Release|Any CPU.ActiveCfg = Release|Any CPU
		{DCB57D58-967C-44D9-AF0D-8E4BA2635F6B}.Release|Any CPU.Build.0 = Release|Any CPU
	EndGlobalSection
	GlobalSection(SolutionProperties) = preSolution
		HideSolutionNode = FALSE
	EndGlobalSection
	GlobalSection(ExtensibilityGlobals) = postSolution
		SolutionGuid = {CB5E2B5D-7218-4AF3-BCB9-B58BD4C94904}
	EndGlobalSection
EndGlobal
