
Microsoft Visual Studio Solution File, Format Version 12.00
# Visual Studio Version 16
VisualStudioVersion = 16.0.32002.261
MinimumVisualStudioVersion = 10.0.40219.1
Project("{FAE04EC0-301F-11D3-BF4B-00C04F79EFBC}") = "wpf18_DinamikusUrlapAlapok", "wpf18_DinamikusUrlapAlapok\wpf18_DinamikusUrlapAlapok.csproj", "{4C7DEFF8-D529-4E26-AFED-FAE8F3226D2A}"
EndProject
Global
	GlobalSection(SolutionConfigurationPlatforms) = preSolution
		Debug|Any CPU = Debug|Any CPU
		Release|Any CPU = Release|Any CPU
	EndGlobalSection
	GlobalSection(ProjectConfigurationPlatforms) = postSolution
		{4C7DEFF8-D529-4E26-AFED-FAE8F3226D2A}.Debug|Any CPU.ActiveCfg = Debug|Any CPU
		{4C7DEFF8-D529-4E26-AFED-FAE8F3226D2A}.Debug|Any CPU.Build.0 = Debug|Any CPU
		{4C7DEFF8-D529-4E26-AFED-FAE8F3226D2A}.Release|Any CPU.ActiveCfg = Release|Any CPU
		{4C7DEFF8-D529-4E26-AFED-FAE8F3226D2A}.Release|Any CPU.Build.0 = Release|Any CPU
	EndGlobalSection
	GlobalSection(SolutionProperties) = preSolution
		HideSolutionNode = FALSE
	EndGlobalSection
	GlobalSection(ExtensibilityGlobals) = postSolution
		SolutionGuid = {A40D6BD4-0C9F-4B7C-9D69-CA44A7181239}
	EndGlobalSection
EndGlobal
