
Microsoft Visual Studio Solution File, Format Version 12.00
# Visual Studio Version 16
VisualStudioVersion = 16.0.31729.503
MinimumVisualStudioVersion = 10.0.40219.1
Project("{FAE04EC0-301F-11D3-BF4B-00C04F79EFBC}") = "wpf17_papirgyujtes", "wpf17_papirgyujtes\wpf17_papirgyujtes.csproj", "{203E0379-3CB8-4BB7-B4BB-12334778A970}"
EndProject
Global
	GlobalSection(SolutionConfigurationPlatforms) = preSolution
		Debug|Any CPU = Debug|Any CPU
		Release|Any CPU = Release|Any CPU
	EndGlobalSection
	GlobalSection(ProjectConfigurationPlatforms) = postSolution
		{203E0379-3CB8-4BB7-B4BB-12334778A970}.Debug|Any CPU.ActiveCfg = Debug|Any CPU
		{203E0379-3CB8-4BB7-B4BB-12334778A970}.Debug|Any CPU.Build.0 = Debug|Any CPU
		{203E0379-3CB8-4BB7-B4BB-12334778A970}.Release|Any CPU.ActiveCfg = Release|Any CPU
		{203E0379-3CB8-4BB7-B4BB-12334778A970}.Release|Any CPU.Build.0 = Release|Any CPU
	EndGlobalSection
	GlobalSection(SolutionProperties) = preSolution
		HideSolutionNode = FALSE
	EndGlobalSection
	GlobalSection(ExtensibilityGlobals) = postSolution
		SolutionGuid = {542D7959-968C-4E6D-A632-C6683DCC86D5}
	EndGlobalSection
EndGlobal
